
Microsoft Visual Studio Solution File, Format Version 12.00
# Visual Studio 15
VisualStudioVersion = 15.0.28307.852
MinimumVisualStudioVersion = 10.0.40219.1
Project("{FAE04EC0-301F-11D3-BF4B-00C04F79EFBC}") = "PROJE-B161210367-BeyzaKARACA-32B", "PROJE-B161210367-BeyzaKARACA-32B\PROJE-B161210367-BeyzaKARACA-32B.csproj", "{1F85CDF8-0FB5-4552-A63C-62E9C0DD3373}"
EndProject
Global
	GlobalSection(SolutionConfigurationPlatforms) = preSolution
		Debug|Any CPU = Debug|Any CPU
		Release|Any CPU = Release|Any CPU
	EndGlobalSection
	GlobalSection(ProjectConfigurationPlatforms) = postSolution
		{1F85CDF8-0FB5-4552-A63C-62E9C0DD3373}.Debug|Any CPU.ActiveCfg = Debug|Any CPU
		{1F85CDF8-0FB5-4552-A63C-62E9C0DD3373}.Debug|Any CPU.Build.0 = Debug|Any CPU
		{1F85CDF8-0FB5-4552-A63C-62E9C0DD3373}.Release|Any CPU.ActiveCfg = Release|Any CPU
		{1F85CDF8-0FB5-4552-A63C-62E9C0DD3373}.Release|Any CPU.Build.0 = Release|Any CPU
	EndGlobalSection
	GlobalSection(SolutionProperties) = preSolution
		HideSolutionNode = FALSE
	EndGlobalSection
	GlobalSection(ExtensibilityGlobals) = postSolution
		SolutionGuid = {60F7FF64-E520-40A3-891B-FD349C08D575}
	EndGlobalSection
EndGlobal
